// !$*UTF8*$!
{
	archiveVersion = 1;
	classes = {
	};
	objectVersion = 50;
	objects = {

/* Begin PBXBuildFile section */
		6E40188923F2165300C7D794 /* AppDelegate.swift in Sources */ = {isa = PBXBuildFile; fileRef = 6E40188823F2165300C7D794 /* AppDelegate.swift */; };
		6E40188F23F2165500C7D794 /* Assets.xcassets in Resources */ = {isa = PBXBuildFile; fileRef = 6E40188E23F2165500C7D794 /* Assets.xcassets */; };
		6E40189223F2165500C7D794 /* Preview Assets.xcassets in Resources */ = {isa = PBXBuildFile; fileRef = 6E40189123F2165500C7D794 /* Preview Assets.xcassets */; };
		6E40189523F2165500C7D794 /* LaunchScreen.storyboard in Resources */ = {isa = PBXBuildFile; fileRef = 6E40189323F2165500C7D794 /* LaunchScreen.storyboard */; };
		6E40189E23F2169900C7D794 /* Handlers.swift in Sources */ = {isa = PBXBuildFile; fileRef = 6E40189D23F2169900C7D794 /* Handlers.swift */; };
		6E4018A023F2179200C7D794 /* Scripts.swift in Sources */ = {isa = PBXBuildFile; fileRef = 6E40189F23F2179200C7D794 /* Scripts.swift */; };
		6E4018A223F217F500C7D794 /* ScriptSources.swift in Sources */ = {isa = PBXBuildFile; fileRef = 6E4018A123F217F500C7D794 /* ScriptSources.swift */; };
		6E4018A423F219A100C7D794 /* Contents.swift in Sources */ = {isa = PBXBuildFile; fileRef = 6E4018A323F219A100C7D794 /* Contents.swift */; };
		6E4018A623F219EE00C7D794 /* ContentSources.swift in Sources */ = {isa = PBXBuildFile; fileRef = 6E4018A523F219EE00C7D794 /* ContentSources.swift */; };
		6E4018A823F21A8900C7D794 /* HTMLViewController.swift in Sources */ = {isa = PBXBuildFile; fileRef = 6E4018A723F21A8900C7D794 /* HTMLViewController.swift */; };
		6E4018AD23F21BB600C7D794 /* HTMLKit.framework in Frameworks */ = {isa = PBXBuildFile; fileRef = 6E4018AC23F21BB600C7D794 /* HTMLKit.framework */; };
		6E4018AE23F21BB600C7D794 /* HTMLKit.framework in Embed Frameworks */ = {isa = PBXBuildFile; fileRef = 6E4018AC23F21BB600C7D794 /* HTMLKit.framework */; settings = {ATTRIBUTES = (CodeSignOnCopy, RemoveHeadersOnCopy, ); }; };
/* End PBXBuildFile section */

/* Begin PBXCopyFilesBuildPhase section */
		6E4018AF23F21BB600C7D794 /* Embed Frameworks */ = {
			isa = PBXCopyFilesBuildPhase;
			buildActionMask = 2147483647;
			dstPath = "";
			dstSubfolderSpec = 10;
			files = (
				6E4018AE23F21BB600C7D794 /* HTMLKit.framework in Embed Frameworks */,
			);
			name = "Embed Frameworks";
			runOnlyForDeploymentPostprocessing = 0;
		};
/* End PBXCopyFilesBuildPhase section */

/* Begin PBXFileReference section */
		6E40188523F2165300C7D794 /* HTMLKit-Example.app */ = {isa = PBXFileReference; explicitFileType = wrapper.application; includeInIndex = 0; path = "HTMLKit-Example.app"; sourceTree = BUILT_PRODUCTS_DIR; };
		6E40188823F2165300C7D794 /* AppDelegate.swift */ = {isa = PBXFileReference; lastKnownFileType = sourcecode.swift; path = AppDelegate.swift; sourceTree = "<group>"; };
		6E40188E23F2165500C7D794 /* Assets.xcassets */ = {isa = PBXFileReference; lastKnownFileType = folder.assetcatalog; path = Assets.xcassets; sourceTree = "<group>"; };
		6E40189123F2165500C7D794 /* Preview Assets.xcassets */ = {isa = PBXFileReference; lastKnownFileType = folder.assetcatalog; path = "Preview Assets.xcassets"; sourceTree = "<group>"; };
		6E40189423F2165500C7D794 /* Base */ = {isa = PBXFileReference; lastKnownFileType = file.storyboard; name = Base; path = Base.lproj/LaunchScreen.storyboard; sourceTree = "<group>"; };
		6E40189623F2165500C7D794 /* Info.plist */ = {isa = PBXFileReference; lastKnownFileType = text.plist.xml; path = Info.plist; sourceTree = "<group>"; };
		6E40189D23F2169900C7D794 /* Handlers.swift */ = {isa = PBXFileReference; lastKnownFileType = sourcecode.swift; path = Handlers.swift; sourceTree = "<group>"; };
		6E40189F23F2179200C7D794 /* Scripts.swift */ = {isa = PBXFileReference; lastKnownFileType = sourcecode.swift; path = Scripts.swift; sourceTree = "<group>"; };
		6E4018A123F217F500C7D794 /* ScriptSources.swift */ = {isa = PBXFileReference; lastKnownFileType = sourcecode.swift; path = ScriptSources.swift; sourceTree = "<group>"; };
		6E4018A323F219A100C7D794 /* Contents.swift */ = {isa = PBXFileReference; lastKnownFileType = sourcecode.swift; path = Contents.swift; sourceTree = "<group>"; };
		6E4018A523F219EE00C7D794 /* ContentSources.swift */ = {isa = PBXFileReference; lastKnownFileType = sourcecode.swift; path = ContentSources.swift; sourceTree = "<group>"; };
		6E4018A723F21A8900C7D794 /* HTMLViewController.swift */ = {isa = PBXFileReference; lastKnownFileType = sourcecode.swift; path = HTMLViewController.swift; sourceTree = "<group>"; };
		6E4018AC23F21BB600C7D794 /* HTMLKit.framework */ = {isa = PBXFileReference; explicitFileType = wrapper.framework; path = HTMLKit.framework; sourceTree = BUILT_PRODUCTS_DIR; };
/* End PBXFileReference section */

/* Begin PBXFrameworksBuildPhase section */
		6E40188223F2165300C7D794 /* Frameworks */ = {
			isa = PBXFrameworksBuildPhase;
			buildActionMask = 2147483647;
			files = (
				6E4018AD23F21BB600C7D794 /* HTMLKit.framework in Frameworks */,
			);
			runOnlyForDeploymentPostprocessing = 0;
		};
/* End PBXFrameworksBuildPhase section */

/* Begin PBXGroup section */
		6E40187C23F2165300C7D794 = {
			isa = PBXGroup;
			children = (
				6E40188723F2165300C7D794 /* HTMLKit-Example */,
				6E40188623F2165300C7D794 /* Products */,
				6E4018AB23F21BB600C7D794 /* Frameworks */,
			);
			sourceTree = "<group>";
		};
		6E40188623F2165300C7D794 /* Products */ = {
			isa = PBXGroup;
			children = (
				6E40188523F2165300C7D794 /* HTMLKit-Example.app */,
			);
			name = Products;
			sourceTree = "<group>";
		};
		6E40188723F2165300C7D794 /* HTMLKit-Example */ = {
			isa = PBXGroup;
			children = (
				6E40188823F2165300C7D794 /* AppDelegate.swift */,
				6E4018A723F21A8900C7D794 /* HTMLViewController.swift */,
				6E40189C23F2166500C7D794 /* HTML */,
				6E40188E23F2165500C7D794 /* Assets.xcassets */,
				6E40189323F2165500C7D794 /* LaunchScreen.storyboard */,
				6E40189623F2165500C7D794 /* Info.plist */,
				6E40189023F2165500C7D794 /* Preview Content */,
			);
			path = "HTMLKit-Example";
			sourceTree = "<group>";
		};
		6E40189023F2165500C7D794 /* Preview Content */ = {
			isa = PBXGroup;
			children = (
				6E40189123F2165500C7D794 /* Preview Assets.xcassets */,
			);
			path = "Preview Content";
			sourceTree = "<group>";
		};
		6E40189C23F2166500C7D794 /* HTML */ = {
			isa = PBXGroup;
			children = (
				6E40189D23F2169900C7D794 /* Handlers.swift */,
				6E40189F23F2179200C7D794 /* Scripts.swift */,
				6E4018A123F217F500C7D794 /* ScriptSources.swift */,
				6E4018A323F219A100C7D794 /* Contents.swift */,
				6E4018A523F219EE00C7D794 /* ContentSources.swift */,
			);
			path = HTML;
			sourceTree = "<group>";
		};
		6E4018AB23F21BB600C7D794 /* Frameworks */ = {
			isa = PBXGroup;
			children = (
				6E4018AC23F21BB600C7D794 /* HTMLKit.framework */,
			);
			name = Frameworks;
			sourceTree = "<group>";
		};
/* End PBXGroup section */

/* Begin PBXNativeTarget section */
		6E40188423F2165300C7D794 /* HTMLKit-Example */ = {
			isa = PBXNativeTarget;
			buildConfigurationList = 6E40189923F2165500C7D794 /* Build configuration list for PBXNativeTarget "HTMLKit-Example" */;
			buildPhases = (
				6E40188123F2165300C7D794 /* Sources */,
				6E40188223F2165300C7D794 /* Frameworks */,
				6E40188323F2165300C7D794 /* Resources */,
				6E4018AF23F21BB600C7D794 /* Embed Frameworks */,
			);
			buildRules = (
			);
			dependencies = (
			);
			name = "HTMLKit-Example";
			productName = "HTMLKit-Example";
			productReference = 6E40188523F2165300C7D794 /* HTMLKit-Example.app */;
			productType = "com.apple.product-type.application";
		};
/* End PBXNativeTarget section */

/* Begin PBXProject section */
		6E40187D23F2165300C7D794 /* Project object */ = {
			isa = PBXProject;
			attributes = {
				LastSwiftUpdateCheck = 1130;
				LastUpgradeCheck = 1130;
				ORGANIZATIONNAME = "Oskari Rauta";
				TargetAttributes = {
					6E40188423F2165300C7D794 = {
						CreatedOnToolsVersion = 11.3.1;
					};
				};
			};
			buildConfigurationList = 6E40188023F2165300C7D794 /* Build configuration list for PBXProject "HTMLKit-Example" */;
			compatibilityVersion = "Xcode 9.3";
			developmentRegion = en;
			hasScannedForEncodings = 0;
			knownRegions = (
				en,
				Base,
			);
			mainGroup = 6E40187C23F2165300C7D794;
			productRefGroup = 6E40188623F2165300C7D794 /* Products */;
			projectDirPath = "";
			projectRoot = "";
			targets = (
				6E40188423F2165300C7D794 /* HTMLKit-Example */,
			);
		};
/* End PBXProject section */

/* Begin PBXResourcesBuildPhase section */
		6E40188323F2165300C7D794 /* Resources */ = {
			isa = PBXResourcesBuildPhase;
			buildActionMask = 2147483647;
			files = (
				6E40189523F2165500C7D794 /* LaunchScreen.storyboard in Resources */,
				6E40189223F2165500C7D794 /* Preview Assets.xcassets in Resources */,
				6E40188F23F2165500C7D794 /* Assets.xcassets in Resources */,
			);
			runOnlyForDeploymentPostprocessing = 0;
		};
/* End PBXResourcesBuildPhase section */

/* Begin PBXSourcesBuildPhase section */
		6E40188123F2165300C7D794 /* Sources */ = {
			isa = PBXSourcesBuildPhase;
			buildActionMask = 2147483647;
			files = (
				6E4018A823F21A8900C7D794 /* HTMLViewController.swift in Sources */,
				6E40188923F2165300C7D794 /* AppDelegate.swift in Sources */,
				6E4018A423F219A100C7D794 /* Contents.swift in Sources */,
				6E40189E23F2169900C7D794 /* Handlers.swift in Sources */,
				6E4018A023F2179200C7D794 /* Scripts.swift in Sources */,
				6E4018A623F219EE00C7D794 /* ContentSources.swift in Sources */,
				6E4018A223F217F500C7D794 /* ScriptSources.swift in Sources */,
			);
			runOnlyForDeploymentPostprocessing = 0;
		};
/* End PBXSourcesBuildPhase section */

/* Begin PBXVariantGroup section */
		6E40189323F2165500C7D794 /* LaunchScreen.storyboard */ = {
			isa = PBXVariantGroup;
			children = (
				6E40189423F2165500C7D794 /* Base */,
			);
			name = LaunchScreen.storyboard;
			sourceTree = "<group>";
		};
/* End PBXVariantGroup section */

/* Begin XCBuildConfiguration section */
		6E40189723F2165500C7D794 /* Debug */ = {
			isa = XCBuildConfiguration;
			buildSettings = {
				ALWAYS_SEARCH_USER_PATHS = NO;
				CLANG_ANALYZER_NONNULL = YES;
				CLANG_ANALYZER_NUMBER_OBJECT_CONVERSION = YES_AGGRESSIVE;
				CLANG_CXX_LANGUAGE_STANDARD = "gnu++14";
				CLANG_CXX_LIBRARY = "libc++";
				CLANG_ENABLE_MODULES = YES;
				CLANG_ENABLE_OBJC_ARC = YES;
				CLANG_ENABLE_OBJC_WEAK = YES;
				CLANG_WARN_BLOCK_CAPTURE_AUTORELEASING = YES;
				CLANG_WARN_BOOL_CONVERSION = YES;
				CLANG_WARN_COMMA = YES;
				CLANG_WARN_CONSTANT_CONVERSION = YES;
				CLANG_WARN_DEPRECATED_OBJC_IMPLEMENTATIONS = YES;
				CLANG_WARN_DIRECT_OBJC_ISA_USAGE = YES_ERROR;
				CLANG_WARN_DOCUMENTATION_COMMENTS = YES;
				CLANG_WARN_EMPTY_BODY = YES;
				CLANG_WARN_ENUM_CONVERSION = YES;
				CLANG_WARN_INFINITE_RECURSION = YES;
				CLANG_WARN_INT_CONVERSION = YES;
				CLANG_WARN_NON_LITERAL_NULL_CONVERSION = YES;
				CLANG_WARN_OBJC_IMPLICIT_RETAIN_SELF = YES;
				CLANG_WARN_OBJC_LITERAL_CONVERSION = YES;
				CLANG_WARN_OBJC_ROOT_CLASS = YES_ERROR;
				CLANG_WARN_RANGE_LOOP_ANALYSIS = YES;
				CLANG_WARN_STRICT_PROTOTYPES = YES;
				CLANG_WARN_SUSPICIOUS_MOVE = YES;
				CLANG_WARN_UNGUARDED_AVAILABILITY = YES_AGGRESSIVE;
				CLANG_WARN_UNREACHABLE_CODE = YES;
				CLANG_WARN__DUPLICATE_METHOD_MATCH = YES;
				COPY_PHASE_STRIP = NO;
				DEBUG_INFORMATION_FORMAT = dwarf;
				ENABLE_STRICT_OBJC_MSGSEND = YES;
				ENABLE_TESTABILITY = YES;
				GCC_C_LANGUAGE_STANDARD = gnu11;
				GCC_DYNAMIC_NO_PIC = NO;
				GCC_NO_COMMON_BLOCKS = YES;
				GCC_OPTIMIZATION_LEVEL = 0;
				GCC_PREPROCESSOR_DEFINITIONS = (
					"DEBUG=1",
					"$(inherited)",
				);
				GCC_WARN_64_TO_32_BIT_CONVERSION = YES;
				GCC_WARN_ABOUT_RETURN_TYPE = YES_ERROR;
				GCC_WARN_UNDECLARED_SELECTOR = YES;
				GCC_WARN_UNINITIALIZED_AUTOS = YES_AGGRESSIVE;
				GCC_WARN_UNUSED_FUNCTION = YES;
				GCC_WARN_UNUSED_VARIABLE = YES;
				IPHONEOS_DEPLOYMENT_TARGET = 13.2;
				MTL_ENABLE_DEBUG_INFO = INCLUDE_SOURCE;
				MTL_FAST_MATH = YES;
				ONLY_ACTIVE_ARCH = YES;
				SDKROOT = iphoneos;
				SWIFT_ACTIVE_COMPILATION_CONDITIONS = DEBUG;
				SWIFT_OPTIMIZATION_LEVEL = "-Onone";
			};
			name = Debug;
		};
		6E40189823F2165500C7D794 /* Release */ = {
			isa = XCBuildConfiguration;
			buildSettings = {
				ALWAYS_SEARCH_USER_PATHS = NO;
				CLANG_ANALYZER_NONNULL = YES;
				CLANG_ANALYZER_NUMBER_OBJECT_CONVERSION = YES_AGGRESSIVE;
				CLANG_CXX_LANGUAGE_STANDARD = "gnu++14";
				CLANG_CXX_LIBRARY = "libc++";
				CLANG_ENABLE_MODULES = YES;
				CLANG_ENABLE_OBJC_ARC = YES;
				CLANG_ENABLE_OBJC_WEAK = YES;
				CLANG_WARN_BLOCK_CAPTURE_AUTORELEASING = YES;
				CLANG_WARN_BOOL_CONVERSION = YES;
				CLANG_WARN_COMMA = YES;
				CLANG_WARN_CONSTANT_CONVERSION = YES;
				CLANG_WARN_DEPRECATED_OBJC_IMPLEMENTATIONS = YES;
				CLANG_WARN_DIRECT_OBJC_ISA_USAGE = YES_ERROR;
				CLANG_WARN_DOCUMENTATION_COMMENTS = YES;
				CLANG_WARN_EMPTY_BODY = YES;
				CLANG_WARN_ENUM_CONVERSION = YES;
				CLANG_WARN_INFINITE_RECURSION = YES;
				CLANG_WARN_INT_CONVERSION = YES;
				CLANG_WARN_NON_LITERAL_NULL_CONVERSION = YES;
				CLANG_WARN_OBJC_IMPLICIT_RETAIN_SELF = YES;
				CLANG_WARN_OBJC_LITERAL_CONVERSION = YES;
				CLANG_WARN_OBJC_ROOT_CLASS = YES_ERROR;
				CLANG_WARN_RANGE_LOOP_ANALYSIS = YES;
				CLANG_WARN_STRICT_PROTOTYPES = YES;
				CLANG_WARN_SUSPICIOUS_MOVE = YES;
				CLANG_WARN_UNGUARDED_AVAILABILITY = YES_AGGRESSIVE;
				CLANG_WARN_UNREACHABLE_CODE = YES;
				CLANG_WARN__DUPLICATE_METHOD_MATCH = YES;
				COPY_PHASE_STRIP = NO;
				DEBUG_INFORMATION_FORMAT = "dwarf-with-dsym";
				ENABLE_NS_ASSERTIONS = NO;
				ENABLE_STRICT_OBJC_MSGSEND = YES;
				GCC_C_LANGUAGE_STANDARD = gnu11;
				GCC_NO_COMMON_BLOCKS = YES;
				GCC_WARN_64_TO_32_BIT_CONVERSION = YES;
				GCC_WARN_ABOUT_RETURN_TYPE = YES_ERROR;
				GCC_WARN_UNDECLARED_SELECTOR = YES;
				GCC_WARN_UNINITIALIZED_AUTOS = YES_AGGRESSIVE;
				GCC_WARN_UNUSED_FUNCTION = YES;
				GCC_WARN_UNUSED_VARIABLE = YES;
				IPHONEOS_DEPLOYMENT_TARGET = 13.2;
				MTL_ENABLE_DEBUG_INFO = NO;
				MTL_FAST_MATH = YES;
				SDKROOT = iphoneos;
				SWIFT_COMPILATION_MODE = wholemodule;
				SWIFT_OPTIMIZATION_LEVEL = "-O";
				VALIDATE_PRODUCT = YES;
			};
			name = Release;
		};
		6E40189A23F2165500C7D794 /* Debug */ = {
			isa = XCBuildConfiguration;
			buildSettings = {
				ASSETCATALOG_COMPILER_APPICON_NAME = AppIcon;
				CODE_SIGN_STYLE = Automatic;
				DEVELOPMENT_ASSET_PATHS = "\"HTMLKit-Example/Preview Content\"";
				DEVELOPMENT_TEAM = LBFBZP3Z4J;
				ENABLE_PREVIEWS = YES;
				INFOPLIST_FILE = "HTMLKit-Example/Info.plist";
				LD_RUNPATH_SEARCH_PATHS = (
					"$(inherited)",
					"@executable_path/Frameworks",
				);
				MARKETING_VERSION = 1.0.0;
				PRODUCT_BUNDLE_IDENTIFIER = "oskari.rauta.HTMLKit-Example";
				PRODUCT_NAME = "$(TARGET_NAME)";
				SWIFT_VERSION = 5.0;
				TARGETED_DEVICE_FAMILY = "1,2";
			};
			name = Debug;
		};
		6E40189B23F2165500C7D794 /* Release */ = {
			isa = XCBuildConfiguration;
			buildSettings = {
				ASSETCATALOG_COMPILER_APPICON_NAME = AppIcon;
				CODE_SIGN_STYLE = Automatic;
				DEVELOPMENT_ASSET_PATHS = "\"HTMLKit-Example/Preview Content\"";
				DEVELOPMENT_TEAM = LBFBZP3Z4J;
				ENABLE_PREVIEWS = YES;
				INFOPLIST_FILE = "HTMLKit-Example/Info.plist";
				LD_RUNPATH_SEARCH_PATHS = (
					"$(inherited)",
					"@executable_path/Frameworks",
				);
				MARKETING_VERSION = 1.0.0;
				PRODUCT_BUNDLE_IDENTIFIER = "oskari.rauta.HTMLKit-Example";
				PRODUCT_NAME = "$(TARGET_NAME)";
				SWIFT_VERSION = 5.0;
				TARGETED_DEVICE_FAMILY = "1,2";
			};
			name = Release;
		};
/* End XCBuildConfiguration section */

/* Begin XCConfigurationList section */
		6E40188023F2165300C7D794 /* Build configuration list for PBXProject "HTMLKit-Example" */ = {
			isa = XCConfigurationList;
			buildConfigurations = (
				6E40189723F2165500C7D794 /* Debug */,
				6E40189823F2165500C7D794 /* Release */,
			);
			defaultConfigurationIsVisible = 0;
			defaultConfigurationName = Release;
		};
		6E40189923F2165500C7D794 /* Build configuration list for PBXNativeTarget "HTMLKit-Example" */ = {
			isa = XCConfigurationList;
			buildConfigurations = (
				6E40189A23F2165500C7D794 /* Debug */,
				6E40189B23F2165500C7D794 /* Release */,
			);
			defaultConfigurationIsVisible = 0;
			defaultConfigurationName = Release;
		};
/* End XCConfigurationList section */
	};
	rootObject = 6E40187D23F2165300C7D794 /* Project object */;
}
